
Microsoft Visual Studio Solution File, Format Version 12.00
# Visual Studio 15
VisualStudioVersion = 15.0.28307.329
MinimumVisualStudioVersion = 10.0.40219.1
Project("{FAE04EC0-301F-11D3-BF4B-00C04F79EFBC}") = "ECommerceUI", "ECommerceUI\ECommerceUI.csproj", "{B85C7F59-FE8D-450C-83E0-0B0859998D1D}"
EndProject
Project("{FAE04EC0-301F-11D3-BF4B-00C04F79EFBC}") = "ECommerce.BLL", "ECommerce.BLL\ECommerce.BLL.csproj", "{31C3E83A-B494-4125-A215-AFE1A7F6B2DE}"
EndProject
Global
	GlobalSection(SolutionConfigurationPlatforms) = preSolution
		Debug|Any CPU = Debug|Any CPU
		Release|Any CPU = Release|Any CPU
	EndGlobalSection
	GlobalSection(ProjectConfigurationPlatforms) = postSolution
		{B85C7F59-FE8D-450C-83E0-0B0859998D1D}.Debug|Any CPU.ActiveCfg = Debug|Any CPU
		{B85C7F59-FE8D-450C-83E0-0B0859998D1D}.Debug|Any CPU.Build.0 = Debug|Any CPU
		{B85C7F59-FE8D-450C-83E0-0B0859998D1D}.Release|Any CPU.ActiveCfg = Release|Any CPU
		{B85C7F59-FE8D-450C-83E0-0B0859998D1D}.Release|Any CPU.Build.0 = Release|Any CPU
		{31C3E83A-B494-4125-A215-AFE1A7F6B2DE}.Debug|Any CPU.ActiveCfg = Debug|Any CPU
		{31C3E83A-B494-4125-A215-AFE1A7F6B2DE}.Debug|Any CPU.Build.0 = Debug|Any CPU
		{31C3E83A-B494-4125-A215-AFE1A7F6B2DE}.Release|Any CPU.ActiveCfg = Release|Any CPU
		{31C3E83A-B494-4125-A215-AFE1A7F6B2DE}.Release|Any CPU.Build.0 = Release|Any CPU
	EndGlobalSection
	GlobalSection(SolutionProperties) = preSolution
		HideSolutionNode = FALSE
	EndGlobalSection
	GlobalSection(ExtensibilityGlobals) = postSolution
		SolutionGuid = {1F361946-BCC2-4385-894B-4E3407EFAE63}
	EndGlobalSection
EndGlobal
